
Microsoft Visual Studio Solution File, Format Version 12.00
# Visual Studio Version 17
VisualStudioVersion = 17.1.32421.90
MinimumVisualStudioVersion = 10.0.40219.1
Project("{FAE04EC0-301F-11D3-BF4B-00C04F79EFBC}") = "CurryFit.Android", "CurryFit.Android\CurryFit.Android.csproj", "{4862C63A-6427-4778-AEB4-EC593619F381}"
EndProject
Project("{FAE04EC0-301F-11D3-BF4B-00C04F79EFBC}") = "CurryFit.iOS", "CurryFit.iOS\CurryFit.iOS.csproj", "{4B2C873A-AA7E-4CC6-8A26-4C54B4509378}"
EndProject
Project("{9A19103F-16F7-4668-BE54-9A1E7A4F7556}") = "CurryFit", "CurryFit\CurryFit.csproj", "{E7BA49DE-2E65-4972-8087-224B9ECE61B4}"
EndProject
Global
	GlobalSection(SolutionConfigurationPlatforms) = preSolution
		Debug|Any CPU = Debug|Any CPU
		Debug|iPhone = Debug|iPhone
		Debug|iPhoneSimulator = Debug|iPhoneSimulator
		Release|Any CPU = Release|Any CPU
		Release|iPhone = Release|iPhone
		Release|iPhoneSimulator = Release|iPhoneSimulator
	EndGlobalSection
	GlobalSection(ProjectConfigurationPlatforms) = postSolution
		{4862C63A-6427-4778-AEB4-EC593619F381}.Debug|Any CPU.ActiveCfg = Release|Any CPU
		{4862C63A-6427-4778-AEB4-EC593619F381}.Debug|Any CPU.Build.0 = Release|Any CPU
		{4862C63A-6427-4778-AEB4-EC593619F381}.Debug|Any CPU.Deploy.0 = Release|Any CPU
		{4862C63A-6427-4778-AEB4-EC593619F381}.Debug|iPhone.ActiveCfg = Debug|Any CPU
		{4862C63A-6427-4778-AEB4-EC593619F381}.Debug|iPhone.Build.0 = Debug|Any CPU
		{4862C63A-6427-4778-AEB4-EC593619F381}.Debug|iPhone.Deploy.0 = Debug|Any CPU
		{4862C63A-6427-4778-AEB4-EC593619F381}.Debug|iPhoneSimulator.ActiveCfg = Debug|Any CPU
		{4862C63A-6427-4778-AEB4-EC593619F381}.Debug|iPhoneSimulator.Build.0 = Debug|Any CPU
		{4862C63A-6427-4778-AEB4-EC593619F381}.Debug|iPhoneSimulator.Deploy.0 = Debug|Any CPU
		{4862C63A-6427-4778-AEB4-EC593619F381}.Release|Any CPU.ActiveCfg = Release|Any CPU
		{4862C63A-6427-4778-AEB4-EC593619F381}.Release|Any CPU.Build.0 = Release|Any CPU
		{4862C63A-6427-4778-AEB4-EC593619F381}.Release|Any CPU.Deploy.0 = Release|Any CPU
		{4862C63A-6427-4778-AEB4-EC593619F381}.Release|iPhone.ActiveCfg = Release|Any CPU
		{4862C63A-6427-4778-AEB4-EC593619F381}.Release|iPhone.Build.0 = Release|Any CPU
		{4862C63A-6427-4778-AEB4-EC593619F381}.Release|iPhone.Deploy.0 = Release|Any CPU
		{4862C63A-6427-4778-AEB4-EC593619F381}.Release|iPhoneSimulator.ActiveCfg = Release|Any CPU
		{4862C63A-6427-4778-AEB4-EC593619F381}.Release|iPhoneSimulator.Build.0 = Release|Any CPU
		{4862C63A-6427-4778-AEB4-EC593619F381}.Release|iPhoneSimulator.Deploy.0 = Release|Any CPU
		{4B2C873A-AA7E-4CC6-8A26-4C54B4509378}.Debug|Any CPU.ActiveCfg = Debug|iPhone
		{4B2C873A-AA7E-4CC6-8A26-4C54B4509378}.Debug|Any CPU.Build.0 = Debug|iPhone
		{4B2C873A-AA7E-4CC6-8A26-4C54B4509378}.Debug|Any CPU.Deploy.0 = Debug|iPhone
		{4B2C873A-AA7E-4CC6-8A26-4C54B4509378}.Debug|iPhone.ActiveCfg = Debug|iPhone
		{4B2C873A-AA7E-4CC6-8A26-4C54B4509378}.Debug|iPhone.Build.0 = Debug|iPhone
		{4B2C873A-AA7E-4CC6-8A26-4C54B4509378}.Debug|iPhone.Deploy.0 = Debug|iPhone
		{4B2C873A-AA7E-4CC6-8A26-4C54B4509378}.Debug|iPhoneSimulator.ActiveCfg = Debug|iPhoneSimulator
		{4B2C873A-AA7E-4CC6-8A26-4C54B4509378}.Debug|iPhoneSimulator.Build.0 = Debug|iPhoneSimulator
		{4B2C873A-AA7E-4CC6-8A26-4C54B4509378}.Debug|iPhoneSimulator.Deploy.0 = Debug|iPhoneSimulator
		{4B2C873A-AA7E-4CC6-8A26-4C54B4509378}.Release|Any CPU.ActiveCfg = Release|iPhoneSimulator
		{4B2C873A-AA7E-4CC6-8A26-4C54B4509378}.Release|Any CPU.Build.0 = Release|iPhoneSimulator
		{4B2C873A-AA7E-4CC6-8A26-4C54B4509378}.Release|Any CPU.Deploy.0 = Release|iPhoneSimulator
		{4B2C873A-AA7E-4CC6-8A26-4C54B4509378}.Release|iPhone.ActiveCfg = Release|iPhone
		{4B2C873A-AA7E-4CC6-8A26-4C54B4509378}.Release|iPhone.Build.0 = Release|iPhone
		{4B2C873A-AA7E-4CC6-8A26-4C54B4509378}.Release|iPhone.Deploy.0 = Release|iPhone
		{4B2C873A-AA7E-4CC6-8A26-4C54B4509378}.Release|iPhoneSimulator.ActiveCfg = Release|iPhoneSimulator
		{4B2C873A-AA7E-4CC6-8A26-4C54B4509378}.Release|iPhoneSimulator.Build.0 = Release|iPhoneSimulator
		{4B2C873A-AA7E-4CC6-8A26-4C54B4509378}.Release|iPhoneSimulator.Deploy.0 = Release|iPhoneSimulator
		{E7BA49DE-2E65-4972-8087-224B9ECE61B4}.Debug|Any CPU.ActiveCfg = Debug|Any CPU
		{E7BA49DE-2E65-4972-8087-224B9ECE61B4}.Debug|Any CPU.Build.0 = Debug|Any CPU
		{E7BA49DE-2E65-4972-8087-224B9ECE61B4}.Debug|Any CPU.Deploy.0 = Debug|Any CPU
		{E7BA49DE-2E65-4972-8087-224B9ECE61B4}.Debug|iPhone.ActiveCfg = Debug|Any CPU
		{E7BA49DE-2E65-4972-8087-224B9ECE61B4}.Debug|iPhone.Build.0 = Debug|Any CPU
		{E7BA49DE-2E65-4972-8087-224B9ECE61B4}.Debug|iPhone.Deploy.0 = Debug|Any CPU
		{E7BA49DE-2E65-4972-8087-224B9ECE61B4}.Debug|iPhoneSimulator.ActiveCfg = Debug|Any CPU
		{E7BA49DE-2E65-4972-8087-224B9ECE61B4}.Debug|iPhoneSimulator.Build.0 = Debug|Any CPU
		{E7BA49DE-2E65-4972-8087-224B9ECE61B4}.Debug|iPhoneSimulator.Deploy.0 = Debug|Any CPU
		{E7BA49DE-2E65-4972-8087-224B9ECE61B4}.Release|Any CPU.ActiveCfg = Release|Any CPU
		{E7BA49DE-2E65-4972-8087-224B9ECE61B4}.Release|Any CPU.Build.0 = Release|Any CPU
		{E7BA49DE-2E65-4972-8087-224B9ECE61B4}.Release|Any CPU.Deploy.0 = Release|Any CPU
		{E7BA49DE-2E65-4972-8087-224B9ECE61B4}.Release|iPhone.ActiveCfg = Release|Any CPU
		{E7BA49DE-2E65-4972-8087-224B9ECE61B4}.Release|iPhone.Build.0 = Release|Any CPU
		{E7BA49DE-2E65-4972-8087-224B9ECE61B4}.Release|iPhone.Deploy.0 = Release|Any CPU
		{E7BA49DE-2E65-4972-8087-224B9ECE61B4}.Release|iPhoneSimulator.ActiveCfg = Release|Any CPU
		{E7BA49DE-2E65-4972-8087-224B9ECE61B4}.Release|iPhoneSimulator.Build.0 = Release|Any CPU
		{E7BA49DE-2E65-4972-8087-224B9ECE61B4}.Release|iPhoneSimulator.Deploy.0 = Release|Any CPU
	EndGlobalSection
	GlobalSection(SolutionProperties) = preSolution
		HideSolutionNode = FALSE
	EndGlobalSection
	GlobalSection(ExtensibilityGlobals) = postSolution
		SolutionGuid = {DB58D417-3650-4260-8236-C00A3BC1AA1A}
	EndGlobalSection
EndGlobal
